// !$*UTF8*$!
{
	archiveVersion = 1;
	classes = {
	};
	objectVersion = 77;
	objects = {

/* Begin PBXBuildFile section */
		4A61233D2F46171100117C70 /* GoogleService-Info.plist in Resources */ = {isa = PBXBuildFile; fileRef = 4A61233C2F46171100117C70 /* GoogleService-Info.plist */; };
		4A6123C72F4628D200117C70 /* FirebaseAI in Frameworks */ = {isa = PBXBuildFile; productRef = 4A6123C62F4628D200117C70 /* FirebaseAI */; };
		4A6123C92F4628D200117C70 /* FirebaseAILogic in Frameworks */ = {isa = PBXBuildFile; productRef = 4A6123C82F4628D200117C70 /* FirebaseAILogic */; };
		4A6123CB2F4628D200117C70 /* FirebaseAnalytics in Frameworks */ = {isa = PBXBuildFile; productRef = 4A6123CA2F4628D200117C70 /* FirebaseAnalytics */; };
		4A6123CD2F4628D200117C70 /* FirebaseAnalyticsCore in Frameworks */ = {isa = PBXBuildFile; productRef = 4A6123CC2F4628D200117C70 /* FirebaseAnalyticsCore */; };
		4A6123CF2F4628D200117C70 /* FirebaseAnalyticsIdentitySupport in Frameworks */ = {isa = PBXBuildFile; productRef = 4A6123CE2F4628D200117C70 /* FirebaseAnalyticsIdentitySupport */; };
		4A6123D12F4628D200117C70 /* FirebaseAppCheck in Frameworks */ = {isa = PBXBuildFile; productRef = 4A6123D02F4628D200117C70 /* FirebaseAppCheck */; };
		4A6123D32F4628D200117C70 /* FirebaseAppDistribution-Beta in Frameworks */ = {isa = PBXBuildFile; productRef = 4A6123D22F4628D200117C70 /* FirebaseAppDistribution-Beta */; };
		4A6123D52F4628D200117C70 /* FirebaseAuth in Frameworks */ = {isa = PBXBuildFile; productRef = 4A6123D42F4628D200117C70 /* FirebaseAuth */; };
		4A6123D72F4628D200117C70 /* FirebaseAuthCombine-Community in Frameworks */ = {isa = PBXBuildFile; productRef = 4A6123D62F4628D200117C70 /* FirebaseAuthCombine-Community */; };
		4A6123D92F4628D200117C70 /* FirebaseCore in Frameworks */ = {isa = PBXBuildFile; productRef = 4A6123D82F4628D200117C70 /* FirebaseCore */; };
		4A6123DB2F4628D200117C70 /* FirebaseCrashlytics in Frameworks */ = {isa = PBXBuildFile; productRef = 4A6123DA2F4628D200117C70 /* FirebaseCrashlytics */; };
		4A6123DD2F4628D200117C70 /* FirebaseDatabase in Frameworks */ = {isa = PBXBuildFile; productRef = 4A6123DC2F4628D200117C70 /* FirebaseDatabase */; };
		4A6123DF2F4628D200117C70 /* FirebaseFirestore in Frameworks */ = {isa = PBXBuildFile; productRef = 4A6123DE2F4628D200117C70 /* FirebaseFirestore */; };
		4A6123E12F4628D200117C70 /* FirebaseFirestoreCombine-Community in Frameworks */ = {isa = PBXBuildFile; productRef = 4A6123E02F4628D200117C70 /* FirebaseFirestoreCombine-Community */; };
		4A6123E32F4628D200117C70 /* FirebaseFunctions in Frameworks */ = {isa = PBXBuildFile; productRef = 4A6123E22F4628D200117C70 /* FirebaseFunctions */; };
		4A6123E52F4628D200117C70 /* FirebaseFunctionsCombine-Community in Frameworks */ = {isa = PBXBuildFile; productRef = 4A6123E42F4628D200117C70 /* FirebaseFunctionsCombine-Community */; };
		4A6123E72F4628D200117C70 /* FirebaseInAppMessaging-Beta in Frameworks */ = {isa = PBXBuildFile; productRef = 4A6123E62F4628D200117C70 /* FirebaseInAppMessaging-Beta */; };
		4A6123E92F4628D200117C70 /* FirebaseInstallations in Frameworks */ = {isa = PBXBuildFile; productRef = 4A6123E82F4628D200117C70 /* FirebaseInstallations */; };
		4A6123EB2F4628D200117C70 /* FirebaseMLModelDownloader in Frameworks */ = {isa = PBXBuildFile; productRef = 4A6123EA2F4628D200117C70 /* FirebaseMLModelDownloader */; };
		4A6123ED2F4628D200117C70 /* FirebaseMessaging in Frameworks */ = {isa = PBXBuildFile; productRef = 4A6123EC2F4628D200117C70 /* FirebaseMessaging */; };
		4A6123EF2F4628D200117C70 /* FirebasePerformance in Frameworks */ = {isa = PBXBuildFile; productRef = 4A6123EE2F4628D200117C70 /* FirebasePerformance */; };
		4A6123F12F4628D200117C70 /* FirebaseRemoteConfig in Frameworks */ = {isa = PBXBuildFile; productRef = 4A6123F02F4628D200117C70 /* FirebaseRemoteConfig */; };
		4A6123F32F4628D200117C70 /* FirebaseStorage in Frameworks */ = {isa = PBXBuildFile; productRef = 4A6123F22F4628D200117C70 /* FirebaseStorage */; };
		4A6123F52F4628D200117C70 /* FirebaseStorageCombine-Community in Frameworks */ = {isa = PBXBuildFile; productRef = 4A6123F42F4628D200117C70 /* FirebaseStorageCombine-Community */; };
/* End PBXBuildFile section */

/* Begin PBXFileReference section */
		4A2F7E092F38DDA000FABD72 /* WhereIsMyBus.app */ = {isa = PBXFileReference; explicitFileType = wrapper.application; includeInIndex = 0; path = WhereIsMyBus.app; sourceTree = BUILT_PRODUCTS_DIR; };
		4A61233C2F46171100117C70 /* GoogleService-Info.plist */ = {isa = PBXFileReference; lastKnownFileType = text.plist.xml; path = "GoogleService-Info.plist"; sourceTree = "<group>"; };
/* End PBXFileReference section */

/* Begin PBXFileSystemSynchronizedRootGroup section */
		4A2F7E2F2F38DE0100FABD72 /* ViewModel */ = {
			isa = PBXFileSystemSynchronizedRootGroup;
			path = ViewModel;
			sourceTree = "<group>";
		};
		4A2F7E3C2F38DE6B00FABD72 /* Reusable UI components */ = {
			isa = PBXFileSystemSynchronizedRootGroup;
			path = "Reusable UI components";
			sourceTree = "<group>";
		};
		4A2F7E4F2F38DF1400FABD72 /* Drawer */ = {
			isa = PBXFileSystemSynchronizedRootGroup;
			path = Drawer;
			sourceTree = "<group>";
		};
		4A2F7E542F38DF5100FABD72 /* Home Screen */ = {
			isa = PBXFileSystemSynchronizedRootGroup;
			path = "Home Screen";
			sourceTree = "<group>";
		};
		4A2F7E582F38DFA200FABD72 /* Available buses + filter */ = {
			isa = PBXFileSystemSynchronizedRootGroup;
			path = "Available buses + filter";
			sourceTree = "<group>";
		};
		4A2F7E5F2F38DFDF00FABD72 /* Track by Bus Number */ = {
			isa = PBXFileSystemSynchronizedRootGroup;
			path = "Track by Bus Number";
			sourceTree = "<group>";
		};
		4A2F7E632F38E00F00FABD72 /* Live tracking map + timeline + alarm */ = {
			isa = PBXFileSystemSynchronizedRootGroup;
			path = "Live tracking map + timeline + alarm";
			sourceTree = "<group>";
		};
		4A2F7E6D2F38E06900FABD72 /* Past tracking */ = {
			isa = PBXFileSystemSynchronizedRootGroup;
			path = "Past tracking";
			sourceTree = "<group>";
		};
		4A2F7E712F38E0A700FABD72 /* Saved routes + recent searches */ = {
			isa = PBXFileSystemSynchronizedRootGroup;
			path = "Saved routes + recent searches";
			sourceTree = "<group>";
		};
		4A2F7E782F38E11700FABD72 /* Settings + Theme + City + Language + Help + About + Report */ = {
			isa = PBXFileSystemSynchronizedRootGroup;
			path = "Settings + Theme + City + Language + Help + About + Report";
			sourceTree = "<group>";
		};
		4A5A27DD2F38963000BCD203 /* AppEntry */ = {
			isa = PBXFileSystemSynchronizedRootGroup;
			path = AppEntry;
			sourceTree = "<group>";
		};
		4A5A27F22F38AB1300BCD203 /* Theme */ = {
			isa = PBXFileSystemSynchronizedRootGroup;
			path = Theme;
			sourceTree = "<group>";
		};
		4A5A28012F38AC7A00BCD203 /* Model */ = {
			isa = PBXFileSystemSynchronizedRootGroup;
			path = Model;
			sourceTree = "<group>";
		};
		4A5A280B2F38AD1900BCD203 /* Services */ = {
			isa = PBXFileSystemSynchronizedRootGroup;
			path = Services;
			sourceTree = "<group>";
		};
		4A5A28202F38AE0000BCD203 /* Extensions */ = {
			isa = PBXFileSystemSynchronizedRootGroup;
			path = Extensions;
			sourceTree = "<group>";
		};
/* End PBXFileSystemSynchronizedRootGroup section */

/* Begin PBXFrameworksBuildPhase section */
		4A5A27D82F38963000BCD203 /* Frameworks */ = {
			isa = PBXFrameworksBuildPhase;
			buildActionMask = 2147483647;
			files = (
				4A6123D32F4628D200117C70 /* FirebaseAppDistribution-Beta in Frameworks */,
				4A6123DF2F4628D200117C70 /* FirebaseFirestore in Frameworks */,
				4A6123D72F4628D200117C70 /* FirebaseAuthCombine-Community in Frameworks */,
				4A6123E92F4628D200117C70 /* FirebaseInstallations in Frameworks */,
				4A6123C92F4628D200117C70 /* FirebaseAILogic in Frameworks */,
				4A6123CF2F4628D200117C70 /* FirebaseAnalyticsIdentitySupport in Frameworks */,
				4A6123E72F4628D200117C70 /* FirebaseInAppMessaging-Beta in Frameworks */,
				4A6123C72F4628D200117C70 /* FirebaseAI in Frameworks */,
				4A6123DB2F4628D200117C70 /* FirebaseCrashlytics in Frameworks */,
				4A6123E52F4628D200117C70 /* FirebaseFunctionsCombine-Community in Frameworks */,
				4A6123F52F4628D200117C70 /* FirebaseStorageCombine-Community in Frameworks */,
				4A6123DD2F4628D200117C70 /* FirebaseDatabase in Frameworks */,
				4A6123F32F4628D200117C70 /* FirebaseStorage in Frameworks */,
				4A6123F12F4628D200117C70 /* FirebaseRemoteConfig in Frameworks */,
				4A6123CB2F4628D200117C70 /* FirebaseAnalytics in Frameworks */,
				4A6123ED2F4628D200117C70 /* FirebaseMessaging in Frameworks */,
				4A6123EB2F4628D200117C70 /* FirebaseMLModelDownloader in Frameworks */,
				4A6123EF2F4628D200117C70 /* FirebasePerformance in Frameworks */,
				4A6123D92F4628D200117C70 /* FirebaseCore in Frameworks */,
				4A6123D12F4628D200117C70 /* FirebaseAppCheck in Frameworks */,
				4A6123CD2F4628D200117C70 /* FirebaseAnalyticsCore in Frameworks */,
				4A6123E32F4628D200117C70 /* FirebaseFunctions in Frameworks */,
				4A6123D52F4628D200117C70 /* FirebaseAuth in Frameworks */,
				4A6123E12F4628D200117C70 /* FirebaseFirestoreCombine-Community in Frameworks */,
			);
			runOnlyForDeploymentPostprocessing = 0;
		};
/* End PBXFrameworksBuildPhase section */

/* Begin PBXGroup section */
		4A5A27D22F38963000BCD203 = {
			isa = PBXGroup;
			children = (
				4A5A27DD2F38963000BCD203 /* AppEntry */,
				4A5A27F22F38AB1300BCD203 /* Theme */,
				4A5A28012F38AC7A00BCD203 /* Model */,
				4A5A280B2F38AD1900BCD203 /* Services */,
				4A5A28202F38AE0000BCD203 /* Extensions */,
				4A2F7E092F38DDA000FABD72 /* WhereIsMyBus.app */,
				4A2F7E2F2F38DE0100FABD72 /* ViewModel */,
				4A2F7E3C2F38DE6B00FABD72 /* Reusable UI components */,
				4A2F7E4F2F38DF1400FABD72 /* Drawer */,
				4A2F7E542F38DF5100FABD72 /* Home Screen */,
				4A2F7E582F38DFA200FABD72 /* Available buses + filter */,
				4A2F7E5F2F38DFDF00FABD72 /* Track by Bus Number */,
				4A2F7E632F38E00F00FABD72 /* Live tracking map + timeline + alarm */,
				4A2F7E6D2F38E06900FABD72 /* Past tracking */,
				4A2F7E712F38E0A700FABD72 /* Saved routes + recent searches */,
				4A2F7E782F38E11700FABD72 /* Settings + Theme + City + Language + Help + About + Report */,
				4A61233C2F46171100117C70 /* GoogleService-Info.plist */,
			);
			sourceTree = "<group>";
		};
/* End PBXGroup section */

/* Begin PBXNativeTarget section */
		4A5A27DA2F38963000BCD203 /* WhereIsMyBus */ = {
			isa = PBXNativeTarget;
			buildConfigurationList = 4A5A27E62F38963200BCD203 /* Build configuration list for PBXNativeTarget "WhereIsMyBus" */;
			buildPhases = (
				4A5A27D72F38963000BCD203 /* Sources */,
				4A5A27D82F38963000BCD203 /* Frameworks */,
				4A5A27D92F38963000BCD203 /* Resources */,
			);
			buildRules = (
			);
			dependencies = (
			);
			fileSystemSynchronizedGroups = (
				4A2F7E2F2F38DE0100FABD72 /* ViewModel */,
				4A2F7E3C2F38DE6B00FABD72 /* Reusable UI components */,
				4A2F7E4F2F38DF1400FABD72 /* Drawer */,
				4A2F7E542F38DF5100FABD72 /* Home Screen */,
				4A2F7E582F38DFA200FABD72 /* Available buses + filter */,
				4A2F7E5F2F38DFDF00FABD72 /* Track by Bus Number */,
				4A2F7E632F38E00F00FABD72 /* Live tracking map + timeline + alarm */,
				4A2F7E6D2F38E06900FABD72 /* Past tracking */,
				4A2F7E712F38E0A700FABD72 /* Saved routes + recent searches */,
				4A2F7E782F38E11700FABD72 /* Settings + Theme + City + Language + Help + About + Report */,
				4A5A27DD2F38963000BCD203 /* AppEntry */,
				4A5A27F22F38AB1300BCD203 /* Theme */,
				4A5A28012F38AC7A00BCD203 /* Model */,
				4A5A280B2F38AD1900BCD203 /* Services */,
				4A5A28202F38AE0000BCD203 /* Extensions */,
			);
			name = WhereIsMyBus;
			packageProductDependencies = (
				4A6123C62F4628D200117C70 /* FirebaseAI */,
				4A6123C82F4628D200117C70 /* FirebaseAILogic */,
				4A6123CA2F4628D200117C70 /* FirebaseAnalytics */,
				4A6123CC2F4628D200117C70 /* FirebaseAnalyticsCore */,
				4A6123CE2F4628D200117C70 /* FirebaseAnalyticsIdentitySupport */,
				4A6123D02F4628D200117C70 /* FirebaseAppCheck */,
				4A6123D22F4628D200117C70 /* FirebaseAppDistribution-Beta */,
				4A6123D42F4628D200117C70 /* FirebaseAuth */,
				4A6123D62F4628D200117C70 /* FirebaseAuthCombine-Community */,
				4A6123D82F4628D200117C70 /* FirebaseCore */,
				4A6123DA2F4628D200117C70 /* FirebaseCrashlytics */,
				4A6123DC2F4628D200117C70 /* FirebaseDatabase */,
				4A6123DE2F4628D200117C70 /* FirebaseFirestore */,
				4A6123E02F4628D200117C70 /* FirebaseFirestoreCombine-Community */,
				4A6123E22F4628D200117C70 /* FirebaseFunctions */,
				4A6123E42F4628D200117C70 /* FirebaseFunctionsCombine-Community */,
				4A6123E62F4628D200117C70 /* FirebaseInAppMessaging-Beta */,
				4A6123E82F4628D200117C70 /* FirebaseInstallations */,
				4A6123EA2F4628D200117C70 /* FirebaseMLModelDownloader */,
				4A6123EC2F4628D200117C70 /* FirebaseMessaging */,
				4A6123EE2F4628D200117C70 /* FirebasePerformance */,
				4A6123F02F4628D200117C70 /* FirebaseRemoteConfig */,
				4A6123F22F4628D200117C70 /* FirebaseStorage */,
				4A6123F42F4628D200117C70 /* FirebaseStorageCombine-Community */,
			);
			productName = WhereIsMyBus;
			productReference = 4A2F7E092F38DDA000FABD72 /* WhereIsMyBus.app */;
			productType = "com.apple.product-type.application";
		};
/* End PBXNativeTarget section */

/* Begin PBXProject section */
		4A5A27D32F38963000BCD203 /* Project object */ = {
			isa = PBXProject;
			attributes = {
				BuildIndependentTargetsInParallel = 1;
				LastSwiftUpdateCheck = 2620;
				LastUpgradeCheck = 2620;
				TargetAttributes = {
					4A5A27DA2F38963000BCD203 = {
						CreatedOnToolsVersion = 26.2;
					};
				};
			};
			buildConfigurationList = 4A5A27D62F38963000BCD203 /* Build configuration list for PBXProject "WhereIsMyBus" */;
			developmentRegion = en;
			hasScannedForEncodings = 0;
			knownRegions = (
				en,
				Base,
			);
			mainGroup = 4A5A27D22F38963000BCD203;
			minimizedProjectReferenceProxies = 1;
			packageReferences = (
				4A6123C52F4628D200117C70 /* XCRemoteSwiftPackageReference "firebase-ios-sdk" */,
			);
			preferredProjectObjectVersion = 77;
			productRefGroup = 4A5A27D22F38963000BCD203;
			projectDirPath = "";
			projectRoot = "";
			targets = (
				4A5A27DA2F38963000BCD203 /* WhereIsMyBus */,
			);
		};
/* End PBXProject section */

/* Begin PBXResourcesBuildPhase section */
		4A5A27D92F38963000BCD203 /* Resources */ = {
			isa = PBXResourcesBuildPhase;
			buildActionMask = 2147483647;
			files = (
				4A61233D2F46171100117C70 /* GoogleService-Info.plist in Resources */,
			);
			runOnlyForDeploymentPostprocessing = 0;
		};
/* End PBXResourcesBuildPhase section */

/* Begin PBXSourcesBuildPhase section */
		4A5A27D72F38963000BCD203 /* Sources */ = {
			isa = PBXSourcesBuildPhase;
			buildActionMask = 2147483647;
			files = (
			);
			runOnlyForDeploymentPostprocessing = 0;
		};
/* End PBXSourcesBuildPhase section */

/* Begin XCBuildConfiguration section */
		4A5A27E42F38963200BCD203 /* Debug */ = {
			isa = XCBuildConfiguration;
			buildSettings = {
				ALWAYS_SEARCH_USER_PATHS = NO;
				ASSETCATALOG_COMPILER_GENERATE_SWIFT_ASSET_SYMBOL_EXTENSIONS = YES;
				CLANG_ANALYZER_NONNULL = YES;
				CLANG_ANALYZER_NUMBER_OBJECT_CONVERSION = YES_AGGRESSIVE;
				CLANG_CXX_LANGUAGE_STANDARD = "gnu++20";
				CLANG_ENABLE_MODULES = YES;
				CLANG_ENABLE_OBJC_ARC = YES;
				CLANG_ENABLE_OBJC_WEAK = YES;
				CLANG_WARN_BLOCK_CAPTURE_AUTORELEASING = YES;
				CLANG_WARN_BOOL_CONVERSION = YES;
				CLANG_WARN_COMMA = YES;
				CLANG_WARN_CONSTANT_CONVERSION = YES;
				CLANG_WARN_DEPRECATED_OBJC_IMPLEMENTATIONS = YES;
				CLANG_WARN_DIRECT_OBJC_ISA_USAGE = YES_ERROR;
				CLANG_WARN_DOCUMENTATION_COMMENTS = YES;
				CLANG_WARN_EMPTY_BODY = YES;
				CLANG_WARN_ENUM_CONVERSION = YES;
				CLANG_WARN_INFINITE_RECURSION = YES;
				CLANG_WARN_INT_CONVERSION = YES;
				CLANG_WARN_NON_LITERAL_NULL_CONVERSION = YES;
				CLANG_WARN_OBJC_IMPLICIT_RETAIN_SELF = YES;
				CLANG_WARN_OBJC_LITERAL_CONVERSION = YES;
				CLANG_WARN_OBJC_ROOT_CLASS = YES_ERROR;
				CLANG_WARN_QUOTED_INCLUDE_IN_FRAMEWORK_HEADER = YES;
				CLANG_WARN_RANGE_LOOP_ANALYSIS = YES;
				CLANG_WARN_STRICT_PROTOTYPES = YES;
				CLANG_WARN_SUSPICIOUS_MOVE = YES;
				CLANG_WARN_UNGUARDED_AVAILABILITY = YES_AGGRESSIVE;
				CLANG_WARN_UNREACHABLE_CODE = YES;
				CLANG_WARN__DUPLICATE_METHOD_MATCH = YES;
				COPY_PHASE_STRIP = NO;
				DEBUG_INFORMATION_FORMAT = dwarf;
				ENABLE_STRICT_OBJC_MSGSEND = YES;
				ENABLE_TESTABILITY = YES;
				ENABLE_USER_SCRIPT_SANDBOXING = YES;
				GCC_C_LANGUAGE_STANDARD = gnu17;
				GCC_DYNAMIC_NO_PIC = NO;
				GCC_NO_COMMON_BLOCKS = YES;
				GCC_OPTIMIZATION_LEVEL = 0;
				GCC_PREPROCESSOR_DEFINITIONS = (
					"DEBUG=1",
					"$(inherited)",
				);
				GCC_WARN_64_TO_32_BIT_CONVERSION = YES;
				GCC_WARN_ABOUT_RETURN_TYPE = YES_ERROR;
				GCC_WARN_UNDECLARED_SELECTOR = YES;
				GCC_WARN_UNINITIALIZED_AUTOS = YES_AGGRESSIVE;
				GCC_WARN_UNUSED_FUNCTION = YES;
				GCC_WARN_UNUSED_VARIABLE = YES;
				IPHONEOS_DEPLOYMENT_TARGET = 26.2;
				LOCALIZATION_PREFERS_STRING_CATALOGS = YES;
				MTL_ENABLE_DEBUG_INFO = INCLUDE_SOURCE;
				MTL_FAST_MATH = YES;
				ONLY_ACTIVE_ARCH = YES;
				SDKROOT = iphoneos;
				SWIFT_ACTIVE_COMPILATION_CONDITIONS = "DEBUG $(inherited)";
				SWIFT_OPTIMIZATION_LEVEL = "-Onone";
			};
			name = Debug;
		};
		4A5A27E52F38963200BCD203 /* Release */ = {
			isa = XCBuildConfiguration;
			buildSettings = {
				ALWAYS_SEARCH_USER_PATHS = NO;
				ASSETCATALOG_COMPILER_GENERATE_SWIFT_ASSET_SYMBOL_EXTENSIONS = YES;
				CLANG_ANALYZER_NONNULL = YES;
				CLANG_ANALYZER_NUMBER_OBJECT_CONVERSION = YES_AGGRESSIVE;
				CLANG_CXX_LANGUAGE_STANDARD = "gnu++20";
				CLANG_ENABLE_MODULES = YES;
				CLANG_ENABLE_OBJC_ARC = YES;
				CLANG_ENABLE_OBJC_WEAK = YES;
				CLANG_WARN_BLOCK_CAPTURE_AUTORELEASING = YES;
				CLANG_WARN_BOOL_CONVERSION = YES;
				CLANG_WARN_COMMA = YES;
				CLANG_WARN_CONSTANT_CONVERSION = YES;
				CLANG_WARN_DEPRECATED_OBJC_IMPLEMENTATIONS = YES;
				CLANG_WARN_DIRECT_OBJC_ISA_USAGE = YES_ERROR;
				CLANG_WARN_DOCUMENTATION_COMMENTS = YES;
				CLANG_WARN_EMPTY_BODY = YES;
				CLANG_WARN_ENUM_CONVERSION = YES;
				CLANG_WARN_INFINITE_RECURSION = YES;
				CLANG_WARN_INT_CONVERSION = YES;
				CLANG_WARN_NON_LITERAL_NULL_CONVERSION = YES;
				CLANG_WARN_OBJC_IMPLICIT_RETAIN_SELF = YES;
				CLANG_WARN_OBJC_LITERAL_CONVERSION = YES;
				CLANG_WARN_OBJC_ROOT_CLASS = YES_ERROR;
				CLANG_WARN_QUOTED_INCLUDE_IN_FRAMEWORK_HEADER = YES;
				CLANG_WARN_RANGE_LOOP_ANALYSIS = YES;
				CLANG_WARN_STRICT_PROTOTYPES = YES;
				CLANG_WARN_SUSPICIOUS_MOVE = YES;
				CLANG_WARN_UNGUARDED_AVAILABILITY = YES_AGGRESSIVE;
				CLANG_WARN_UNREACHABLE_CODE = YES;
				CLANG_WARN__DUPLICATE_METHOD_MATCH = YES;
				COPY_PHASE_STRIP = NO;
				DEBUG_INFORMATION_FORMAT = "dwarf-with-dsym";
				ENABLE_NS_ASSERTIONS = NO;
				ENABLE_STRICT_OBJC_MSGSEND = YES;
				ENABLE_USER_SCRIPT_SANDBOXING = YES;
				GCC_C_LANGUAGE_STANDARD = gnu17;
				GCC_NO_COMMON_BLOCKS = YES;
				GCC_WARN_64_TO_32_BIT_CONVERSION = YES;
				GCC_WARN_ABOUT_RETURN_TYPE = YES_ERROR;
				GCC_WARN_UNDECLARED_SELECTOR = YES;
				GCC_WARN_UNINITIALIZED_AUTOS = YES_AGGRESSIVE;
				GCC_WARN_UNUSED_FUNCTION = YES;
				GCC_WARN_UNUSED_VARIABLE = YES;
				IPHONEOS_DEPLOYMENT_TARGET = 26.2;
				LOCALIZATION_PREFERS_STRING_CATALOGS = YES;
				MTL_ENABLE_DEBUG_INFO = NO;
				MTL_FAST_MATH = YES;
				SDKROOT = iphoneos;
				SWIFT_COMPILATION_MODE = wholemodule;
				VALIDATE_PRODUCT = YES;
			};
			name = Release;
		};
		4A5A27E72F38963200BCD203 /* Debug */ = {
			isa = XCBuildConfiguration;
			buildSettings = {
				ASSETCATALOG_COMPILER_APPICON_NAME = AppIcon;
				ASSETCATALOG_COMPILER_GLOBAL_ACCENT_COLOR_NAME = AccentColor;
				CODE_SIGN_STYLE = Automatic;
				CURRENT_PROJECT_VERSION = 1;
				ENABLE_PREVIEWS = YES;
				GENERATE_INFOPLIST_FILE = YES;
				INFOPLIST_KEY_NSLocationAlwaysAndWhenInUseUsageDescription = "We need location in background to track the bus";
				INFOPLIST_KEY_NSLocationWhenInUseUsageDescription = "We need your location to show the bus on the map";
				INFOPLIST_KEY_NSMicrophoneUsageDescription = "We use your microphone to capture your voice for bus searches.";
				INFOPLIST_KEY_NSSpeechRecognitionUsageDescription = "We use speech recognition to allow you to search for buses by voice.";
				INFOPLIST_KEY_UIApplicationSceneManifest_Generation = YES;
				INFOPLIST_KEY_UIApplicationSupportsIndirectInputEvents = YES;
				INFOPLIST_KEY_UILaunchScreen_Generation = YES;
				INFOPLIST_KEY_UISupportedInterfaceOrientations_iPad = "UIInterfaceOrientationPortrait UIInterfaceOrientationPortraitUpsideDown UIInterfaceOrientationLandscapeLeft UIInterfaceOrientationLandscapeRight";
				INFOPLIST_KEY_UISupportedInterfaceOrientations_iPhone = "UIInterfaceOrientationPortrait UIInterfaceOrientationLandscapeLeft UIInterfaceOrientationLandscapeRight";
				LD_RUNPATH_SEARCH_PATHS = (
					"$(inherited)",
					"@executable_path/Frameworks",
				);
				MARKETING_VERSION = 1.0;
				PRODUCT_BUNDLE_IDENTIFIER = location.WhereIsMyBus;
				PRODUCT_NAME = "$(TARGET_NAME)";
				STRING_CATALOG_GENERATE_SYMBOLS = YES;
				SWIFT_APPROACHABLE_CONCURRENCY = YES;
				SWIFT_DEFAULT_ACTOR_ISOLATION = MainActor;
				SWIFT_EMIT_LOC_STRINGS = YES;
				SWIFT_UPCOMING_FEATURE_MEMBER_IMPORT_VISIBILITY = YES;
				SWIFT_VERSION = 5.0;
				TARGETED_DEVICE_FAMILY = "1,2";
			};
			name = Debug;
		};
		4A5A27E82F38963200BCD203 /* Release */ = {
			isa = XCBuildConfiguration;
			buildSettings = {
				ASSETCATALOG_COMPILER_APPICON_NAME = AppIcon;
				ASSETCATALOG_COMPILER_GLOBAL_ACCENT_COLOR_NAME = AccentColor;
				CODE_SIGN_STYLE = Automatic;
				CURRENT_PROJECT_VERSION = 1;
				ENABLE_PREVIEWS = YES;
				GENERATE_INFOPLIST_FILE = YES;
				INFOPLIST_KEY_NSLocationAlwaysAndWhenInUseUsageDescription = "We need location in background to track the bus";
				INFOPLIST_KEY_NSLocationWhenInUseUsageDescription = "We need your location to show the bus on the map";
				INFOPLIST_KEY_NSMicrophoneUsageDescription = "We use your microphone to capture your voice for bus searches.";
				INFOPLIST_KEY_NSSpeechRecognitionUsageDescription = "We use speech recognition to allow you to search for buses by voice.";
				INFOPLIST_KEY_UIApplicationSceneManifest_Generation = YES;
				INFOPLIST_KEY_UIApplicationSupportsIndirectInputEvents = YES;
				INFOPLIST_KEY_UILaunchScreen_Generation = YES;
				INFOPLIST_KEY_UISupportedInterfaceOrientations_iPad = "UIInterfaceOrientationPortrait UIInterfaceOrientationPortraitUpsideDown UIInterfaceOrientationLandscapeLeft UIInterfaceOrientationLandscapeRight";
				INFOPLIST_KEY_UISupportedInterfaceOrientations_iPhone = "UIInterfaceOrientationPortrait UIInterfaceOrientationLandscapeLeft UIInterfaceOrientationLandscapeRight";
				LD_RUNPATH_SEARCH_PATHS = (
					"$(inherited)",
					"@executable_path/Frameworks",
				);
				MARKETING_VERSION = 1.0;
				PRODUCT_BUNDLE_IDENTIFIER = location.WhereIsMyBus;
				PRODUCT_NAME = "$(TARGET_NAME)";
				STRING_CATALOG_GENERATE_SYMBOLS = YES;
				SWIFT_APPROACHABLE_CONCURRENCY = YES;
				SWIFT_DEFAULT_ACTOR_ISOLATION = MainActor;
				SWIFT_EMIT_LOC_STRINGS = YES;
				SWIFT_UPCOMING_FEATURE_MEMBER_IMPORT_VISIBILITY = YES;
				SWIFT_VERSION = 5.0;
				TARGETED_DEVICE_FAMILY = "1,2";
			};
			name = Release;
		};
/* End XCBuildConfiguration section */

/* Begin XCConfigurationList section */
		4A5A27D62F38963000BCD203 /* Build configuration list for PBXProject "WhereIsMyBus" */ = {
			isa = XCConfigurationList;
			buildConfigurations = (
				4A5A27E42F38963200BCD203 /* Debug */,
				4A5A27E52F38963200BCD203 /* Release */,
			);
			defaultConfigurationIsVisible = 0;
			defaultConfigurationName = Release;
		};
		4A5A27E62F38963200BCD203 /* Build configuration list for PBXNativeTarget "WhereIsMyBus" */ = {
			isa = XCConfigurationList;
			buildConfigurations = (
				4A5A27E72F38963200BCD203 /* Debug */,
				4A5A27E82F38963200BCD203 /* Release */,
			);
			defaultConfigurationIsVisible = 0;
			defaultConfigurationName = Release;
		};
/* End XCConfigurationList section */

/* Begin XCRemoteSwiftPackageReference section */
		4A6123C52F4628D200117C70 /* XCRemoteSwiftPackageReference "firebase-ios-sdk" */ = {
			isa = XCRemoteSwiftPackageReference;
			repositoryURL = "https://github.com/firebase/firebase-ios-sdk";
			requirement = {
				kind = upToNextMajorVersion;
				minimumVersion = 12.9.0;
			};
		};
/* End XCRemoteSwiftPackageReference section */

/* Begin XCSwiftPackageProductDependency section */
		4A6123C62F4628D200117C70 /* FirebaseAI */ = {
			isa = XCSwiftPackageProductDependency;
			package = 4A6123C52F4628D200117C70 /* XCRemoteSwiftPackageReference "firebase-ios-sdk" */;
			productName = FirebaseAI;
		};
		4A6123C82F4628D200117C70 /* FirebaseAILogic */ = {
			isa = XCSwiftPackageProductDependency;
			package = 4A6123C52F4628D200117C70 /* XCRemoteSwiftPackageReference "firebase-ios-sdk" */;
			productName = FirebaseAILogic;
		};
		4A6123CA2F4628D200117C70 /* FirebaseAnalytics */ = {
			isa = XCSwiftPackageProductDependency;
			package = 4A6123C52F4628D200117C70 /* XCRemoteSwiftPackageReference "firebase-ios-sdk" */;
			productName = FirebaseAnalytics;
		};
		4A6123CC2F4628D200117C70 /* FirebaseAnalyticsCore */ = {
			isa = XCSwiftPackageProductDependency;
			package = 4A6123C52F4628D200117C70 /* XCRemoteSwiftPackageReference "firebase-ios-sdk" */;
			productName = FirebaseAnalyticsCore;
		};
		4A6123CE2F4628D200117C70 /* FirebaseAnalyticsIdentitySupport */ = {
			isa = XCSwiftPackageProductDependency;
			package = 4A6123C52F4628D200117C70 /* XCRemoteSwiftPackageReference "firebase-ios-sdk" */;
			productName = FirebaseAnalyticsIdentitySupport;
		};
		4A6123D02F4628D200117C70 /* FirebaseAppCheck */ = {
			isa = XCSwiftPackageProductDependency;
			package = 4A6123C52F4628D200117C70 /* XCRemoteSwiftPackageReference "firebase-ios-sdk" */;
			productName = FirebaseAppCheck;
		};
		4A6123D22F4628D200117C70 /* FirebaseAppDistribution-Beta */ = {
			isa = XCSwiftPackageProductDependency;
			package = 4A6123C52F4628D200117C70 /* XCRemoteSwiftPackageReference "firebase-ios-sdk" */;
			productName = "FirebaseAppDistribution-Beta";
		};
		4A6123D42F4628D200117C70 /* FirebaseAuth */ = {
			isa = XCSwiftPackageProductDependency;
			package = 4A6123C52F4628D200117C70 /* XCRemoteSwiftPackageReference "firebase-ios-sdk" */;
			productName = FirebaseAuth;
		};
		4A6123D62F4628D200117C70 /* FirebaseAuthCombine-Community */ = {
			isa = XCSwiftPackageProductDependency;
			package = 4A6123C52F4628D200117C70 /* XCRemoteSwiftPackageReference "firebase-ios-sdk" */;
			productName = "FirebaseAuthCombine-Community";
		};
		4A6123D82F4628D200117C70 /* FirebaseCore */ = {
			isa = XCSwiftPackageProductDependency;
			package = 4A6123C52F4628D200117C70 /* XCRemoteSwiftPackageReference "firebase-ios-sdk" */;
			productName = FirebaseCore;
		};
		4A6123DA2F4628D200117C70 /* FirebaseCrashlytics */ = {
			isa = XCSwiftPackageProductDependency;
			package = 4A6123C52F4628D200117C70 /* XCRemoteSwiftPackageReference "firebase-ios-sdk" */;
			productName = FirebaseCrashlytics;
		};
		4A6123DC2F4628D200117C70 /* FirebaseDatabase */ = {
			isa = XCSwiftPackageProductDependency;
			package = 4A6123C52F4628D200117C70 /* XCRemoteSwiftPackageReference "firebase-ios-sdk" */;
			productName = FirebaseDatabase;
		};
		4A6123DE2F4628D200117C70 /* FirebaseFirestore */ = {
			isa = XCSwiftPackageProductDependency;
			package = 4A6123C52F4628D200117C70 /* XCRemoteSwiftPackageReference "firebase-ios-sdk" */;
			productName = FirebaseFirestore;
		};
		4A6123E02F4628D200117C70 /* FirebaseFirestoreCombine-Community */ = {
			isa = XCSwiftPackageProductDependency;
			package = 4A6123C52F4628D200117C70 /* XCRemoteSwiftPackageReference "firebase-ios-sdk" */;
			productName = "FirebaseFirestoreCombine-Community";
		};
		4A6123E22F4628D200117C70 /* FirebaseFunctions */ = {
			isa = XCSwiftPackageProductDependency;
			package = 4A6123C52F4628D200117C70 /* XCRemoteSwiftPackageReference "firebase-ios-sdk" */;
			productName = FirebaseFunctions;
		};
		4A6123E42F4628D200117C70 /* FirebaseFunctionsCombine-Community */ = {
			isa = XCSwiftPackageProductDependency;
			package = 4A6123C52F4628D200117C70 /* XCRemoteSwiftPackageReference "firebase-ios-sdk" */;
			productName = "FirebaseFunctionsCombine-Community";
		};
		4A6123E62F4628D200117C70 /* FirebaseInAppMessaging-Beta */ = {
			isa = XCSwiftPackageProductDependency;
			package = 4A6123C52F4628D200117C70 /* XCRemoteSwiftPackageReference "firebase-ios-sdk" */;
			productName = "FirebaseInAppMessaging-Beta";
		};
		4A6123E82F4628D200117C70 /* FirebaseInstallations */ = {
			isa = XCSwiftPackageProductDependency;
			package = 4A6123C52F4628D200117C70 /* XCRemoteSwiftPackageReference "firebase-ios-sdk" */;
			productName = FirebaseInstallations;
		};
		4A6123EA2F4628D200117C70 /* FirebaseMLModelDownloader */ = {
			isa = XCSwiftPackageProductDependency;
			package = 4A6123C52F4628D200117C70 /* XCRemoteSwiftPackageReference "firebase-ios-sdk" */;
			productName = FirebaseMLModelDownloader;
		};
		4A6123EC2F4628D200117C70 /* FirebaseMessaging */ = {
			isa = XCSwiftPackageProductDependency;
			package = 4A6123C52F4628D200117C70 /* XCRemoteSwiftPackageReference "firebase-ios-sdk" */;
			productName = FirebaseMessaging;
		};
		4A6123EE2F4628D200117C70 /* FirebasePerformance */ = {
			isa = XCSwiftPackageProductDependency;
			package = 4A6123C52F4628D200117C70 /* XCRemoteSwiftPackageReference "firebase-ios-sdk" */;
			productName = FirebasePerformance;
		};
		4A6123F02F4628D200117C70 /* FirebaseRemoteConfig */ = {
			isa = XCSwiftPackageProductDependency;
			package = 4A6123C52F4628D200117C70 /* XCRemoteSwiftPackageReference "firebase-ios-sdk" */;
			productName = FirebaseRemoteConfig;
		};
		4A6123F22F4628D200117C70 /* FirebaseStorage */ = {
			isa = XCSwiftPackageProductDependency;
			package = 4A6123C52F4628D200117C70 /* XCRemoteSwiftPackageReference "firebase-ios-sdk" */;
			productName = FirebaseStorage;
		};
		4A6123F42F4628D200117C70 /* FirebaseStorageCombine-Community */ = {
			isa = XCSwiftPackageProductDependency;
			package = 4A6123C52F4628D200117C70 /* XCRemoteSwiftPackageReference "firebase-ios-sdk" */;
			productName = "FirebaseStorageCombine-Community";
		};
/* End XCSwiftPackageProductDependency section */
	};
	rootObject = 4A5A27D32F38963000BCD203 /* Project object */;
}
